
Microsoft Visual Studio Solution File, Format Version 12.00
# Visual Studio Version 17
VisualStudioVersion = 17.10.35027.167
MinimumVisualStudioVersion = 10.0.40219.1
Project("{9A19103F-16F7-4668-BE54-9A1E7A4F7556}") = "HR.Dal", "HR.Dal\HR.Dal.csproj", "{08D386FF-4D82-41D7-B26B-B774B3C58944}"
EndProject
Project("{9A19103F-16F7-4668-BE54-9A1E7A4F7556}") = "HR.Sql", "HR.SQL\HR.Sql.csproj", "{54B049C5-C124-4AAB-9DFC-36AF41C64619}"
EndProject
Project("{9A19103F-16F7-4668-BE54-9A1E7A4F7556}") = "HR.Dol", "HR.Dol\HR.Dol.csproj", "{76AC9C94-C463-41FC-81DD-C1EC4F61A341}"
EndProject
Project("{9A19103F-16F7-4668-BE54-9A1E7A4F7556}") = "HR.Web", "HR.Web\HR.Web.csproj", "{51BE7E62-B8C0-4807-990B-091AF25CDD35}"
EndProject
Project("{FAE04EC0-301F-11D3-BF4B-00C04F79EFBC}") = "HR.Web.Blazor", "HR.Web.Blazor\HR.Web.Blazor.csproj", "{2535FAAC-D4B2-48D6-8CE7-1208D1D29F4F}"
EndProject
Global
	GlobalSection(SolutionConfigurationPlatforms) = preSolution
		Debug|Any CPU = Debug|Any CPU
		Release|Any CPU = Release|Any CPU
	EndGlobalSection
	GlobalSection(ProjectConfigurationPlatforms) = postSolution
		{08D386FF-4D82-41D7-B26B-B774B3C58944}.Debug|Any CPU.ActiveCfg = Debug|Any CPU
		{08D386FF-4D82-41D7-B26B-B774B3C58944}.Debug|Any CPU.Build.0 = Debug|Any CPU
		{08D386FF-4D82-41D7-B26B-B774B3C58944}.Release|Any CPU.ActiveCfg = Release|Any CPU
		{08D386FF-4D82-41D7-B26B-B774B3C58944}.Release|Any CPU.Build.0 = Release|Any CPU
		{54B049C5-C124-4AAB-9DFC-36AF41C64619}.Debug|Any CPU.ActiveCfg = Debug|Any CPU
		{54B049C5-C124-4AAB-9DFC-36AF41C64619}.Debug|Any CPU.Build.0 = Debug|Any CPU
		{54B049C5-C124-4AAB-9DFC-36AF41C64619}.Release|Any CPU.ActiveCfg = Release|Any CPU
		{54B049C5-C124-4AAB-9DFC-36AF41C64619}.Release|Any CPU.Build.0 = Release|Any CPU
		{76AC9C94-C463-41FC-81DD-C1EC4F61A341}.Debug|Any CPU.ActiveCfg = Debug|Any CPU
		{76AC9C94-C463-41FC-81DD-C1EC4F61A341}.Debug|Any CPU.Build.0 = Debug|Any CPU
		{76AC9C94-C463-41FC-81DD-C1EC4F61A341}.Release|Any CPU.ActiveCfg = Release|Any CPU
		{76AC9C94-C463-41FC-81DD-C1EC4F61A341}.Release|Any CPU.Build.0 = Release|Any CPU
		{51BE7E62-B8C0-4807-990B-091AF25CDD35}.Debug|Any CPU.ActiveCfg = Debug|Any CPU
		{51BE7E62-B8C0-4807-990B-091AF25CDD35}.Debug|Any CPU.Build.0 = Debug|Any CPU
		{51BE7E62-B8C0-4807-990B-091AF25CDD35}.Release|Any CPU.ActiveCfg = Release|Any CPU
		{51BE7E62-B8C0-4807-990B-091AF25CDD35}.Release|Any CPU.Build.0 = Release|Any CPU
		{2535FAAC-D4B2-48D6-8CE7-1208D1D29F4F}.Debug|Any CPU.ActiveCfg = Debug|Any CPU
		{2535FAAC-D4B2-48D6-8CE7-1208D1D29F4F}.Debug|Any CPU.Build.0 = Debug|Any CPU
		{2535FAAC-D4B2-48D6-8CE7-1208D1D29F4F}.Release|Any CPU.ActiveCfg = Release|Any CPU
		{2535FAAC-D4B2-48D6-8CE7-1208D1D29F4F}.Release|Any CPU.Build.0 = Release|Any CPU
	EndGlobalSection
	GlobalSection(SolutionProperties) = preSolution
		HideSolutionNode = FALSE
	EndGlobalSection
	GlobalSection(ExtensibilityGlobals) = postSolution
		SolutionGuid = {C7053409-ED68-4CC9-9262-4AFFEAA878CB}
	EndGlobalSection
EndGlobal
